
Microsoft Visual Studio Solution File, Format Version 12.00
# Visual Studio 15
VisualStudioVersion = 15.0.27428.2005
MinimumVisualStudioVersion = 10.0.40219.1
Project("{FAE04EC0-301F-11D3-BF4B-00C04F79EFBC}") = "PM", "PM\PM.csproj", "{29CD3B74-F699-439F-AADF-988A6A8E69CF}"
EndProject
Global
	GlobalSection(SolutionConfigurationPlatforms) = preSolution
		Debug|Any CPU = Debug|Any CPU
		Release|Any CPU = Release|Any CPU
	EndGlobalSection
	GlobalSection(ProjectConfigurationPlatforms) = postSolution
		{29CD3B74-F699-439F-AADF-988A6A8E69CF}.Debug|Any CPU.ActiveCfg = Debug|Any CPU
		{29CD3B74-F699-439F-AADF-988A6A8E69CF}.Debug|Any CPU.Build.0 = Debug|Any CPU
		{29CD3B74-F699-439F-AADF-988A6A8E69CF}.Release|Any CPU.ActiveCfg = Release|Any CPU
		{29CD3B74-F699-439F-AADF-988A6A8E69CF}.Release|Any CPU.Build.0 = Release|Any CPU
	EndGlobalSection
	GlobalSection(SolutionProperties) = preSolution
		HideSolutionNode = FALSE
	EndGlobalSection
	GlobalSection(ExtensibilityGlobals) = postSolution
		SolutionGuid = {28323572-4540-4EE9-90D2-25C19B2B6880}
	EndGlobalSection
EndGlobal
